
Microsoft Visual Studio Solution File, Format Version 12.00
# Visual Studio 15
VisualStudioVersion = 15.0.27703.2035
MinimumVisualStudioVersion = 10.0.40219.1
Project("{FAE04EC0-301F-11D3-BF4B-00C04F79EFBC}") = "RandomCiv", "RandomCiv\RandomCiv.csproj", "{077C30F4-4029-41C2-8A14-7DC98E186455}"
EndProject
Global
	GlobalSection(SolutionConfigurationPlatforms) = preSolution
		Debug|Any CPU = Debug|Any CPU
		Release|Any CPU = Release|Any CPU
	EndGlobalSection
	GlobalSection(ProjectConfigurationPlatforms) = postSolution
		{077C30F4-4029-41C2-8A14-7DC98E186455}.Debug|Any CPU.ActiveCfg = Debug|Any CPU
		{077C30F4-4029-41C2-8A14-7DC98E186455}.Debug|Any CPU.Build.0 = Debug|Any CPU
		{077C30F4-4029-41C2-8A14-7DC98E186455}.Release|Any CPU.ActiveCfg = Release|Any CPU
		{077C30F4-4029-41C2-8A14-7DC98E186455}.Release|Any CPU.Build.0 = Release|Any CPU
	EndGlobalSection
	GlobalSection(SolutionProperties) = preSolution
		HideSolutionNode = FALSE
	EndGlobalSection
	GlobalSection(ExtensibilityGlobals) = postSolution
		SolutionGuid = {2D2B4C17-9907-475F-8238-604CC2032D3A}
	EndGlobalSection
EndGlobal
